
Microsoft Visual Studio Solution File, Format Version 12.00
# Visual Studio Version 17
VisualStudioVersion = 17.0.31903.59
MinimumVisualStudioVersion = 10.0.40219.1
Project("{FAE04EC0-301F-11D3-BF4B-00C04F79EFBC}") = "SteamRec.Core", "SteamRec.Core\SteamRec.Core.csproj", "{5388FFA7-ABCA-45B0-A955-BDCB07FEE7C3}"
EndProject
Project("{FAE04EC0-301F-11D3-BF4B-00C04F79EFBC}") = "SteamRec.Cli", "SteamRec.Cli\SteamRec.Cli.csproj", "{A696E538-57CE-4592-9C9A-2912F8606332}"
EndProject
Project("{FAE04EC0-301F-11D3-BF4B-00C04F79EFBC}") = "SteamRec.Web", "SteamRec.Web\SteamRec.Web.csproj", "{2E96F83A-B61E-4986-81CA-76D50BF36115}"
EndProject
Global
	GlobalSection(SolutionConfigurationPlatforms) = preSolution
		Debug|Any CPU = Debug|Any CPU
		Release|Any CPU = Release|Any CPU
	EndGlobalSection
	GlobalSection(SolutionProperties) = preSolution
		HideSolutionNode = FALSE
	EndGlobalSection
	GlobalSection(ProjectConfigurationPlatforms) = postSolution
		{5388FFA7-ABCA-45B0-A955-BDCB07FEE7C3}.Debug|Any CPU.ActiveCfg = Debug|Any CPU
		{5388FFA7-ABCA-45B0-A955-BDCB07FEE7C3}.Debug|Any CPU.Build.0 = Debug|Any CPU
		{5388FFA7-ABCA-45B0-A955-BDCB07FEE7C3}.Release|Any CPU.ActiveCfg = Release|Any CPU
		{5388FFA7-ABCA-45B0-A955-BDCB07FEE7C3}.Release|Any CPU.Build.0 = Release|Any CPU
		{A696E538-57CE-4592-9C9A-2912F8606332}.Debug|Any CPU.ActiveCfg = Debug|Any CPU
		{A696E538-57CE-4592-9C9A-2912F8606332}.Debug|Any CPU.Build.0 = Debug|Any CPU
		{A696E538-57CE-4592-9C9A-2912F8606332}.Release|Any CPU.ActiveCfg = Release|Any CPU
		{A696E538-57CE-4592-9C9A-2912F8606332}.Release|Any CPU.Build.0 = Release|Any CPU
		{2E96F83A-B61E-4986-81CA-76D50BF36115}.Debug|Any CPU.ActiveCfg = Debug|Any CPU
		{2E96F83A-B61E-4986-81CA-76D50BF36115}.Debug|Any CPU.Build.0 = Debug|Any CPU
		{2E96F83A-B61E-4986-81CA-76D50BF36115}.Release|Any CPU.ActiveCfg = Release|Any CPU
		{2E96F83A-B61E-4986-81CA-76D50BF36115}.Release|Any CPU.Build.0 = Release|Any CPU
	EndGlobalSection
EndGlobal
